// !$*UTF8*$!
{
	archiveVersion = 1;
	classes = {
	};
	objectVersion = 77;
	objects = {

/* Begin PBXContainerItemProxy section */
		A58260CD2E0CE583008E052A /* PBXContainerItemProxy */ = {
			isa = PBXContainerItemProxy;
			containerPortal = A58260B72E0CE582008E052A /* Project object */;
			proxyType = 1;
			remoteGlobalIDString = A58260BE2E0CE582008E052A;
			remoteInfo = ColorPalatte;
		};
		A58260D72E0CE583008E052A /* PBXContainerItemProxy */ = {
			isa = PBXContainerItemProxy;
			containerPortal = A58260B72E0CE582008E052A /* Project object */;
			proxyType = 1;
			remoteGlobalIDString = A58260BE2E0CE582008E052A;
			remoteInfo = ColorPalatte;
		};
/* End PBXContainerItemProxy section */

/* Begin PBXFileReference section */
		A58260BF2E0CE582008E052A /* ColorPalatte.app */ = {isa = PBXFileReference; explicitFileType = wrapper.application; includeInIndex = 0; path = ColorPalatte.app; sourceTree = BUILT_PRODUCTS_DIR; };
		A58260CC2E0CE583008E052A /* ColorPalatteTests.xctest */ = {isa = PBXFileReference; explicitFileType = wrapper.cfbundle; includeInIndex = 0; path = ColorPalatteTests.xctest; sourceTree = BUILT_PRODUCTS_DIR; };
		A58260D62E0CE583008E052A /* ColorPalatteUITests.xctest */ = {isa = PBXFileReference; explicitFileType = wrapper.cfbundle; includeInIndex = 0; path = ColorPalatteUITests.xctest; sourceTree = BUILT_PRODUCTS_DIR; };
/* End PBXFileReference section */

/* Begin PBXFileSystemSynchronizedRootGroup section */
		A58260C12E0CE582008E052A /* ColorPalatte */ = {
			isa = PBXFileSystemSynchronizedRootGroup;
			path = ColorPalatte;
			sourceTree = "<group>";
		};
		A58260CF2E0CE583008E052A /* ColorPalatteTests */ = {
			isa = PBXFileSystemSynchronizedRootGroup;
			path = ColorPalatteTests;
			sourceTree = "<group>";
		};
		A58260D92E0CE583008E052A /* ColorPalatteUITests */ = {
			isa = PBXFileSystemSynchronizedRootGroup;
			path = ColorPalatteUITests;
			sourceTree = "<group>";
		};
/* End PBXFileSystemSynchronizedRootGroup section */

/* Begin PBXFrameworksBuildPhase section */
		A58260BC2E0CE582008E052A /* Frameworks */ = {
			isa = PBXFrameworksBuildPhase;
			buildActionMask = 2147483647;
			files = (
			);
			runOnlyForDeploymentPostprocessing = 0;
		};
		A58260C92E0CE583008E052A /* Frameworks */ = {
			isa = PBXFrameworksBuildPhase;
			buildActionMask = 2147483647;
			files = (
			);
			runOnlyForDeploymentPostprocessing = 0;
		};
		A58260D32E0CE583008E052A /* Frameworks */ = {
			isa = PBXFrameworksBuildPhase;
			buildActionMask = 2147483647;
			files = (
			);
			runOnlyForDeploymentPostprocessing = 0;
		};
/* End PBXFrameworksBuildPhase section */

/* Begin PBXGroup section */
		A58260B62E0CE582008E052A = {
			isa = PBXGroup;
			children = (
				A58260C12E0CE582008E052A /* ColorPalatte */,
				A58260CF2E0CE583008E052A /* ColorPalatteTests */,
				A58260D92E0CE583008E052A /* ColorPalatteUITests */,
				A58260C02E0CE582008E052A /* Products */,
			);
			sourceTree = "<group>";
		};
		A58260C02E0CE582008E052A /* Products */ = {
			isa = PBXGroup;
			children = (
				A58260BF2E0CE582008E052A /* ColorPalatte.app */,
				A58260CC2E0CE583008E052A /* ColorPalatteTests.xctest */,
				A58260D62E0CE583008E052A /* ColorPalatteUITests.xctest */,
			);
			name = Products;
			sourceTree = "<group>";
		};
/* End PBXGroup section */

/* Begin PBXNativeTarget section */
		A58260BE2E0CE582008E052A /* ColorPalatte */ = {
			isa = PBXNativeTarget;
			buildConfigurationList = A58260E02E0CE583008E052A /* Build configuration list for PBXNativeTarget "ColorPalatte" */;
			buildPhases = (
				A58260BB2E0CE582008E052A /* Sources */,
				A58260BC2E0CE582008E052A /* Frameworks */,
				A58260BD2E0CE582008E052A /* Resources */,
			);
			buildRules = (
			);
			dependencies = (
			);
			fileSystemSynchronizedGroups = (
				A58260C12E0CE582008E052A /* ColorPalatte */,
			);
			name = ColorPalatte;
			packageProductDependencies = (
			);
			productName = ColorPalatte;
			productReference = A58260BF2E0CE582008E052A /* ColorPalatte.app */;
			productType = "com.apple.product-type.application";
		};
		A58260CB2E0CE583008E052A /* ColorPalatteTests */ = {
			isa = PBXNativeTarget;
			buildConfigurationList = A58260E32E0CE583008E052A /* Build configuration list for PBXNativeTarget "ColorPalatteTests" */;
			buildPhases = (
				A58260C82E0CE583008E052A /* Sources */,
				A58260C92E0CE583008E052A /* Frameworks */,
				A58260CA2E0CE583008E052A /* Resources */,
			);
			buildRules = (
			);
			dependencies = (
				A58260CE2E0CE583008E052A /* PBXTargetDependency */,
			);
			fileSystemSynchronizedGroups = (
				A58260CF2E0CE583008E052A /* ColorPalatteTests */,
			);
			name = ColorPalatteTests;
			packageProductDependencies = (
			);
			productName = ColorPalatteTests;
			productReference = A58260CC2E0CE583008E052A /* ColorPalatteTests.xctest */;
			productType = "com.apple.product-type.bundle.unit-test";
		};
		A58260D52E0CE583008E052A /* ColorPalatteUITests */ = {
			isa = PBXNativeTarget;
			buildConfigurationList = A58260E62E0CE583008E052A /* Build configuration list for PBXNativeTarget "ColorPalatteUITests" */;
			buildPhases = (
				A58260D22E0CE583008E052A /* Sources */,
				A58260D32E0CE583008E052A /* Frameworks */,
				A58260D42E0CE583008E052A /* Resources */,
			);
			buildRules = (
			);
			dependencies = (
				A58260D82E0CE583008E052A /* PBXTargetDependency */,
			);
			fileSystemSynchronizedGroups = (
				A58260D92E0CE583008E052A /* ColorPalatteUITests */,
			);
			name = ColorPalatteUITests;
			packageProductDependencies = (
			);
			productName = ColorPalatteUITests;
			productReference = A58260D62E0CE583008E052A /* ColorPalatteUITests.xctest */;
			productType = "com.apple.product-type.bundle.ui-testing";
		};
/* End PBXNativeTarget section */

/* Begin PBXProject section */
		A58260B72E0CE582008E052A /* Project object */ = {
			isa = PBXProject;
			attributes = {
				BuildIndependentTargetsInParallel = 1;
				LastSwiftUpdateCheck = 1640;
				LastUpgradeCheck = 1640;
				TargetAttributes = {
					A58260BE2E0CE582008E052A = {
						CreatedOnToolsVersion = 16.4;
					};
					A58260CB2E0CE583008E052A = {
						CreatedOnToolsVersion = 16.4;
						TestTargetID = A58260BE2E0CE582008E052A;
					};
					A58260D52E0CE583008E052A = {
						CreatedOnToolsVersion = 16.4;
						TestTargetID = A58260BE2E0CE582008E052A;
					};
				};
			};
			buildConfigurationList = A58260BA2E0CE582008E052A /* Build configuration list for PBXProject "ColorPalatte" */;
			developmentRegion = en;
			hasScannedForEncodings = 0;
			knownRegions = (
				en,
				Base,
			);
			mainGroup = A58260B62E0CE582008E052A;
			minimizedProjectReferenceProxies = 1;
			preferredProjectObjectVersion = 77;
			productRefGroup = A58260C02E0CE582008E052A /* Products */;
			projectDirPath = "";
			projectRoot = "";
			targets = (
				A58260BE2E0CE582008E052A /* ColorPalatte */,
				A58260CB2E0CE583008E052A /* ColorPalatteTests */,
				A58260D52E0CE583008E052A /* ColorPalatteUITests */,
			);
		};
/* End PBXProject section */

/* Begin PBXResourcesBuildPhase section */
		A58260BD2E0CE582008E052A /* Resources */ = {
			isa = PBXResourcesBuildPhase;
			buildActionMask = 2147483647;
			files = (
			);
			runOnlyForDeploymentPostprocessing = 0;
		};
		A58260CA2E0CE583008E052A /* Resources */ = {
			isa = PBXResourcesBuildPhase;
			buildActionMask = 2147483647;
			files = (
			);
			runOnlyForDeploymentPostprocessing = 0;
		};
		A58260D42E0CE583008E052A /* Resources */ = {
			isa = PBXResourcesBuildPhase;
			buildActionMask = 2147483647;
			files = (
			);
			runOnlyForDeploymentPostprocessing = 0;
		};
/* End PBXResourcesBuildPhase section */

/* Begin PBXSourcesBuildPhase section */
		A58260BB2E0CE582008E052A /* Sources */ = {
			isa = PBXSourcesBuildPhase;
			buildActionMask = 2147483647;
			files = (
			);
			runOnlyForDeploymentPostprocessing = 0;
		};
		A58260C82E0CE583008E052A /* Sources */ = {
			isa = PBXSourcesBuildPhase;
			buildActionMask = 2147483647;
			files = (
			);
			runOnlyForDeploymentPostprocessing = 0;
		};
		A58260D22E0CE583008E052A /* Sources */ = {
			isa = PBXSourcesBuildPhase;
			buildActionMask = 2147483647;
			files = (
			);
			runOnlyForDeploymentPostprocessing = 0;
		};
/* End PBXSourcesBuildPhase section */

/* Begin PBXTargetDependency section */
		A58260CE2E0CE583008E052A /* PBXTargetDependency */ = {
			isa = PBXTargetDependency;
			target = A58260BE2E0CE582008E052A /* ColorPalatte */;
			targetProxy = A58260CD2E0CE583008E052A /* PBXContainerItemProxy */;
		};
		A58260D82E0CE583008E052A /* PBXTargetDependency */ = {
			isa = PBXTargetDependency;
			target = A58260BE2E0CE582008E052A /* ColorPalatte */;
			targetProxy = A58260D72E0CE583008E052A /* PBXContainerItemProxy */;
		};
/* End PBXTargetDependency section */

/* Begin XCBuildConfiguration section */
		A58260DE2E0CE583008E052A /* Debug */ = {
			isa = XCBuildConfiguration;
			buildSettings = {
				ALWAYS_SEARCH_USER_PATHS = NO;
				ASSETCATALOG_COMPILER_GENERATE_SWIFT_ASSET_SYMBOL_EXTENSIONS = YES;
				CLANG_ANALYZER_NONNULL = YES;
				CLANG_ANALYZER_NUMBER_OBJECT_CONVERSION = YES_AGGRESSIVE;
				CLANG_CXX_LANGUAGE_STANDARD = "gnu++20";
				CLANG_ENABLE_MODULES = YES;
				CLANG_ENABLE_OBJC_ARC = YES;
				CLANG_ENABLE_OBJC_WEAK = YES;
				CLANG_WARN_BLOCK_CAPTURE_AUTORELEASING = YES;
				CLANG_WARN_BOOL_CONVERSION = YES;
				CLANG_WARN_COMMA = YES;
				CLANG_WARN_CONSTANT_CONVERSION = YES;
				CLANG_WARN_DEPRECATED_OBJC_IMPLEMENTATIONS = YES;
				CLANG_WARN_DIRECT_OBJC_ISA_USAGE = YES_ERROR;
				CLANG_WARN_DOCUMENTATION_COMMENTS = YES;
				CLANG_WARN_EMPTY_BODY = YES;
				CLANG_WARN_ENUM_CONVERSION = YES;
				CLANG_WARN_INFINITE_RECURSION = YES;
				CLANG_WARN_INT_CONVERSION = YES;
				CLANG_WARN_NON_LITERAL_NULL_CONVERSION = YES;
				CLANG_WARN_OBJC_IMPLICIT_RETAIN_SELF = YES;
				CLANG_WARN_OBJC_LITERAL_CONVERSION = YES;
				CLANG_WARN_OBJC_ROOT_CLASS = YES_ERROR;
				CLANG_WARN_QUOTED_INCLUDE_IN_FRAMEWORK_HEADER = YES;
				CLANG_WARN_RANGE_LOOP_ANALYSIS = YES;
				CLANG_WARN_STRICT_PROTOTYPES = YES;
				CLANG_WARN_SUSPICIOUS_MOVE = YES;
				CLANG_WARN_UNGUARDED_AVAILABILITY = YES_AGGRESSIVE;
				CLANG_WARN_UNREACHABLE_CODE = YES;
				CLANG_WARN__DUPLICATE_METHOD_MATCH = YES;
				COPY_PHASE_STRIP = NO;
				DEBUG_INFORMATION_FORMAT = dwarf;
				DEVELOPMENT_TEAM = G847C66JGW;
				ENABLE_STRICT_OBJC_MSGSEND = YES;
				ENABLE_TESTABILITY = YES;
				ENABLE_USER_SCRIPT_SANDBOXING = YES;
				GCC_C_LANGUAGE_STANDARD = gnu17;
				GCC_DYNAMIC_NO_PIC = NO;
				GCC_NO_COMMON_BLOCKS = YES;
				GCC_OPTIMIZATION_LEVEL = 0;
				GCC_PREPROCESSOR_DEFINITIONS = (
					"DEBUG=1",
					"$(inherited)",
				);
				GCC_WARN_64_TO_32_BIT_CONVERSION = YES;
				GCC_WARN_ABOUT_RETURN_TYPE = YES_ERROR;
				GCC_WARN_UNDECLARED_SELECTOR = YES;
				GCC_WARN_UNINITIALIZED_AUTOS = YES_AGGRESSIVE;
				GCC_WARN_UNUSED_FUNCTION = YES;
				GCC_WARN_UNUSED_VARIABLE = YES;
				IPHONEOS_DEPLOYMENT_TARGET = 18.5;
				LOCALIZATION_PREFERS_STRING_CATALOGS = YES;
				MTL_ENABLE_DEBUG_INFO = INCLUDE_SOURCE;
				MTL_FAST_MATH = YES;
				ONLY_ACTIVE_ARCH = YES;
				SDKROOT = iphoneos;
				SWIFT_ACTIVE_COMPILATION_CONDITIONS = "DEBUG $(inherited)";
				SWIFT_OPTIMIZATION_LEVEL = "-Onone";
			};
			name = Debug;
		};
		A58260DF2E0CE583008E052A /* Release */ = {
			isa = XCBuildConfiguration;
			buildSettings = {
				ALWAYS_SEARCH_USER_PATHS = NO;
				ASSETCATALOG_COMPILER_GENERATE_SWIFT_ASSET_SYMBOL_EXTENSIONS = YES;
				CLANG_ANALYZER_NONNULL = YES;
				CLANG_ANALYZER_NUMBER_OBJECT_CONVERSION = YES_AGGRESSIVE;
				CLANG_CXX_LANGUAGE_STANDARD = "gnu++20";
				CLANG_ENABLE_MODULES = YES;
				CLANG_ENABLE_OBJC_ARC = YES;
				CLANG_ENABLE_OBJC_WEAK = YES;
				CLANG_WARN_BLOCK_CAPTURE_AUTORELEASING = YES;
				CLANG_WARN_BOOL_CONVERSION = YES;
				CLANG_WARN_COMMA = YES;
				CLANG_WARN_CONSTANT_CONVERSION = YES;
				CLANG_WARN_DEPRECATED_OBJC_IMPLEMENTATIONS = YES;
				CLANG_WARN_DIRECT_OBJC_ISA_USAGE = YES_ERROR;
				CLANG_WARN_DOCUMENTATION_COMMENTS = YES;
				CLANG_WARN_EMPTY_BODY = YES;
				CLANG_WARN_ENUM_CONVERSION = YES;
				CLANG_WARN_INFINITE_RECURSION = YES;
				CLANG_WARN_INT_CONVERSION = YES;
				CLANG_WARN_NON_LITERAL_NULL_CONVERSION = YES;
				CLANG_WARN_OBJC_IMPLICIT_RETAIN_SELF = YES;
				CLANG_WARN_OBJC_LITERAL_CONVERSION = YES;
				CLANG_WARN_OBJC_ROOT_CLASS = YES_ERROR;
				CLANG_WARN_QUOTED_INCLUDE_IN_FRAMEWORK_HEADER = YES;
				CLANG_WARN_RANGE_LOOP_ANALYSIS = YES;
				CLANG_WARN_STRICT_PROTOTYPES = YES;
				CLANG_WARN_SUSPICIOUS_MOVE = YES;
				CLANG_WARN_UNGUARDED_AVAILABILITY = YES_AGGRESSIVE;
				CLANG_WARN_UNREACHABLE_CODE = YES;
				CLANG_WARN__DUPLICATE_METHOD_MATCH = YES;
				COPY_PHASE_STRIP = NO;
				DEBUG_INFORMATION_FORMAT = "dwarf-with-dsym";
				DEVELOPMENT_TEAM = G847C66JGW;
				ENABLE_NS_ASSERTIONS = NO;
				ENABLE_STRICT_OBJC_MSGSEND = YES;
				ENABLE_USER_SCRIPT_SANDBOXING = YES;
				GCC_C_LANGUAGE_STANDARD = gnu17;
				GCC_NO_COMMON_BLOCKS = YES;
				GCC_WARN_64_TO_32_BIT_CONVERSION = YES;
				GCC_WARN_ABOUT_RETURN_TYPE = YES_ERROR;
				GCC_WARN_UNDECLARED_SELECTOR = YES;
				GCC_WARN_UNINITIALIZED_AUTOS = YES_AGGRESSIVE;
				GCC_WARN_UNUSED_FUNCTION = YES;
				GCC_WARN_UNUSED_VARIABLE = YES;
				IPHONEOS_DEPLOYMENT_TARGET = 18.5;
				LOCALIZATION_PREFERS_STRING_CATALOGS = YES;
				MTL_ENABLE_DEBUG_INFO = NO;
				MTL_FAST_MATH = YES;
				SDKROOT = iphoneos;
				SWIFT_COMPILATION_MODE = wholemodule;
				VALIDATE_PRODUCT = YES;
			};
			name = Release;
		};
		A58260E12E0CE583008E052A /* Debug */ = {
			isa = XCBuildConfiguration;
			buildSettings = {
				ASSETCATALOG_COMPILER_APPICON_NAME = AppIcon;
				ASSETCATALOG_COMPILER_GLOBAL_ACCENT_COLOR_NAME = AccentColor;
				CODE_SIGN_STYLE = Automatic;
				CURRENT_PROJECT_VERSION = 1;
				DEVELOPMENT_TEAM = G847C66JGW;
				ENABLE_PREVIEWS = YES;
				GENERATE_INFOPLIST_FILE = YES;
				INFOPLIST_KEY_UIApplicationSceneManifest_Generation = YES;
				INFOPLIST_KEY_UIApplicationSupportsIndirectInputEvents = YES;
				INFOPLIST_KEY_UILaunchScreen_Generation = YES;
				INFOPLIST_KEY_UISupportedInterfaceOrientations_iPad = "UIInterfaceOrientationPortrait UIInterfaceOrientationPortraitUpsideDown UIInterfaceOrientationLandscapeLeft UIInterfaceOrientationLandscapeRight";
				INFOPLIST_KEY_UISupportedInterfaceOrientations_iPhone = "UIInterfaceOrientationPortrait UIInterfaceOrientationLandscapeLeft UIInterfaceOrientationLandscapeRight";
				LD_RUNPATH_SEARCH_PATHS = (
					"$(inherited)",
					"@executable_path/Frameworks",
				);
				MARKETING_VERSION = 1.0;
				PRODUCT_BUNDLE_IDENTIFIER = com.CindyLab.ColorPalatte;
				PRODUCT_NAME = "$(TARGET_NAME)";
				SWIFT_EMIT_LOC_STRINGS = YES;
				SWIFT_VERSION = 5.0;
				TARGETED_DEVICE_FAMILY = "1,2";
			};
			name = Debug;
		};
		A58260E22E0CE583008E052A /* Release */ = {
			isa = XCBuildConfiguration;
			buildSettings = {
				ASSETCATALOG_COMPILER_APPICON_NAME = AppIcon;
				ASSETCATALOG_COMPILER_GLOBAL_ACCENT_COLOR_NAME = AccentColor;
				CODE_SIGN_STYLE = Automatic;
				CURRENT_PROJECT_VERSION = 1;
				DEVELOPMENT_TEAM = G847C66JGW;
				ENABLE_PREVIEWS = YES;
				GENERATE_INFOPLIST_FILE = YES;
				INFOPLIST_KEY_UIApplicationSceneManifest_Generation = YES;
				INFOPLIST_KEY_UIApplicationSupportsIndirectInputEvents = YES;
				INFOPLIST_KEY_UILaunchScreen_Generation = YES;
				INFOPLIST_KEY_UISupportedInterfaceOrientations_iPad = "UIInterfaceOrientationPortrait UIInterfaceOrientationPortraitUpsideDown UIInterfaceOrientationLandscapeLeft UIInterfaceOrientationLandscapeRight";
				INFOPLIST_KEY_UISupportedInterfaceOrientations_iPhone = "UIInterfaceOrientationPortrait UIInterfaceOrientationLandscapeLeft UIInterfaceOrientationLandscapeRight";
				LD_RUNPATH_SEARCH_PATHS = (
					"$(inherited)",
					"@executable_path/Frameworks",
				);
				MARKETING_VERSION = 1.0;
				PRODUCT_BUNDLE_IDENTIFIER = com.CindyLab.ColorPalatte;
				PRODUCT_NAME = "$(TARGET_NAME)";
				SWIFT_EMIT_LOC_STRINGS = YES;
				SWIFT_VERSION = 5.0;
				TARGETED_DEVICE_FAMILY = "1,2";
			};
			name = Release;
		};
		A58260E42E0CE583008E052A /* Debug */ = {
			isa = XCBuildConfiguration;
			buildSettings = {
				BUNDLE_LOADER = "$(TEST_HOST)";
				CODE_SIGN_STYLE = Automatic;
				CURRENT_PROJECT_VERSION = 1;
				DEVELOPMENT_TEAM = G847C66JGW;
				GENERATE_INFOPLIST_FILE = YES;
				IPHONEOS_DEPLOYMENT_TARGET = 18.5;
				MARKETING_VERSION = 1.0;
				PRODUCT_BUNDLE_IDENTIFIER = com.CindyLab.ColorPalatteTests;
				PRODUCT_NAME = "$(TARGET_NAME)";
				SWIFT_EMIT_LOC_STRINGS = NO;
				SWIFT_VERSION = 5.0;
				TARGETED_DEVICE_FAMILY = "1,2";
				TEST_HOST = "$(BUILT_PRODUCTS_DIR)/ColorPalatte.app/$(BUNDLE_EXECUTABLE_FOLDER_PATH)/ColorPalatte";
			};
			name = Debug;
		};
		A58260E52E0CE583008E052A /* Release */ = {
			isa = XCBuildConfiguration;
			buildSettings = {
				BUNDLE_LOADER = "$(TEST_HOST)";
				CODE_SIGN_STYLE = Automatic;
				CURRENT_PROJECT_VERSION = 1;
				DEVELOPMENT_TEAM = G847C66JGW;
				GENERATE_INFOPLIST_FILE = YES;
				IPHONEOS_DEPLOYMENT_TARGET = 18.5;
				MARKETING_VERSION = 1.0;
				PRODUCT_BUNDLE_IDENTIFIER = com.CindyLab.ColorPalatteTests;
				PRODUCT_NAME = "$(TARGET_NAME)";
				SWIFT_EMIT_LOC_STRINGS = NO;
				SWIFT_VERSION = 5.0;
				TARGETED_DEVICE_FAMILY = "1,2";
				TEST_HOST = "$(BUILT_PRODUCTS_DIR)/ColorPalatte.app/$(BUNDLE_EXECUTABLE_FOLDER_PATH)/ColorPalatte";
			};
			name = Release;
		};
		A58260E72E0CE583008E052A /* Debug */ = {
			isa = XCBuildConfiguration;
			buildSettings = {
				CODE_SIGN_STYLE = Automatic;
				CURRENT_PROJECT_VERSION = 1;
				DEVELOPMENT_TEAM = G847C66JGW;
				GENERATE_INFOPLIST_FILE = YES;
				MARKETING_VERSION = 1.0;
				PRODUCT_BUNDLE_IDENTIFIER = com.CindyLab.ColorPalatteUITests;
				PRODUCT_NAME = "$(TARGET_NAME)";
				SWIFT_EMIT_LOC_STRINGS = NO;
				SWIFT_VERSION = 5.0;
				TARGETED_DEVICE_FAMILY = "1,2";
				TEST_TARGET_NAME = ColorPalatte;
			};
			name = Debug;
		};
		A58260E82E0CE583008E052A /* Release */ = {
			isa = XCBuildConfiguration;
			buildSettings = {
				CODE_SIGN_STYLE = Automatic;
				CURRENT_PROJECT_VERSION = 1;
				DEVELOPMENT_TEAM = G847C66JGW;
				GENERATE_INFOPLIST_FILE = YES;
				MARKETING_VERSION = 1.0;
				PRODUCT_BUNDLE_IDENTIFIER = com.CindyLab.ColorPalatteUITests;
				PRODUCT_NAME = "$(TARGET_NAME)";
				SWIFT_EMIT_LOC_STRINGS = NO;
				SWIFT_VERSION = 5.0;
				TARGETED_DEVICE_FAMILY = "1,2";
				TEST_TARGET_NAME = ColorPalatte;
			};
			name = Release;
		};
/* End XCBuildConfiguration section */

/* Begin XCConfigurationList section */
		A58260BA2E0CE582008E052A /* Build configuration list for PBXProject "ColorPalatte" */ = {
			isa = XCConfigurationList;
			buildConfigurations = (
				A58260DE2E0CE583008E052A /* Debug */,
				A58260DF2E0CE583008E052A /* Release */,
			);
			defaultConfigurationIsVisible = 0;
			defaultConfigurationName = Release;
		};
		A58260E02E0CE583008E052A /* Build configuration list for PBXNativeTarget "ColorPalatte" */ = {
			isa = XCConfigurationList;
			buildConfigurations = (
				A58260E12E0CE583008E052A /* Debug */,
				A58260E22E0CE583008E052A /* Release */,
			);
			defaultConfigurationIsVisible = 0;
			defaultConfigurationName = Release;
		};
		A58260E32E0CE583008E052A /* Build configuration list for PBXNativeTarget "ColorPalatteTests" */ = {
			isa = XCConfigurationList;
			buildConfigurations = (
				A58260E42E0CE583008E052A /* Debug */,
				A58260E52E0CE583008E052A /* Release */,
			);
			defaultConfigurationIsVisible = 0;
			defaultConfigurationName = Release;
		};
		A58260E62E0CE583008E052A /* Build configuration list for PBXNativeTarget "ColorPalatteUITests" */ = {
			isa = XCConfigurationList;
			buildConfigurations = (
				A58260E72E0CE583008E052A /* Debug */,
				A58260E82E0CE583008E052A /* Release */,
			);
			defaultConfigurationIsVisible = 0;
			defaultConfigurationName = Release;
		};
/* End XCConfigurationList section */
	};
	rootObject = A58260B72E0CE582008E052A /* Project object */;
}
